
Microsoft Visual Studio Solution File, Format Version 12.00
# Visual Studio Version 16
VisualStudioVersion = 16.0.29709.97
MinimumVisualStudioVersion = 10.0.40219.1
Project("{8BC9CEB8-8B4A-11D0-8D11-00A0C91BC942}") = "Textures", "Textures.vcxproj", "{A57EF809-9B74-48CB-BDBB-2AC243E923A2}"
EndProject
Global
	GlobalSection(SolutionConfigurationPlatforms) = preSolution
		Debug|x64 = Debug|x64
		Debug|x86 = Debug|x86
		Release|x64 = Release|x64
		Release|x86 = Release|x86
	EndGlobalSection
	GlobalSection(ProjectConfigurationPlatforms) = postSolution
		{A57EF809-9B74-48CB-BDBB-2AC243E923A2}.Debug|x64.ActiveCfg = Debug|x64
		{A57EF809-9B74-48CB-BDBB-2AC243E923A2}.Debug|x64.Build.0 = Debug|x64
		{A57EF809-9B74-48CB-BDBB-2AC243E923A2}.Debug|x86.ActiveCfg = Debug|Win32
		{A57EF809-9B74-48CB-BDBB-2AC243E923A2}.Debug|x86.Build.0 = Debug|Win32
		{A57EF809-9B74-48CB-BDBB-2AC243E923A2}.Release|x64.ActiveCfg = Release|x64
		{A57EF809-9B74-48CB-BDBB-2AC243E923A2}.Release|x64.Build.0 = Release|x64
		{A57EF809-9B74-48CB-BDBB-2AC243E923A2}.Release|x86.ActiveCfg = Release|Win32
		{A57EF809-9B74-48CB-BDBB-2AC243E923A2}.Release|x86.Build.0 = Release|Win32
	EndGlobalSection
	GlobalSection(SolutionProperties) = preSolution
		HideSolutionNode = FALSE
	EndGlobalSection
	GlobalSection(ExtensibilityGlobals) = postSolution
		SolutionGuid = {9F5653CE-38E5-41D2-B1CA-82CDA8C39435}
	EndGlobalSection
EndGlobal
