
Microsoft Visual Studio Solution File, Format Version 12.00
# Visual Studio Version 16
VisualStudioVersion = 16.0.29709.97
MinimumVisualStudioVersion = 10.0.40219.1
Project("{8BC9CEB8-8B4A-11D0-8D11-00A0C91BC942}") = "RenderTriangles", "RenderTriangles.vcxproj", "{69DC986D-3F6D-4ABA-B398-D1ADE41D13F0}"
EndProject
Global
	GlobalSection(SolutionConfigurationPlatforms) = preSolution
		Debug|x64 = Debug|x64
		Debug|x86 = Debug|x86
		Release|x64 = Release|x64
		Release|x86 = Release|x86
	EndGlobalSection
	GlobalSection(ProjectConfigurationPlatforms) = postSolution
		{69DC986D-3F6D-4ABA-B398-D1ADE41D13F0}.Debug|x64.ActiveCfg = Debug|x64
		{69DC986D-3F6D-4ABA-B398-D1ADE41D13F0}.Debug|x64.Build.0 = Debug|x64
		{69DC986D-3F6D-4ABA-B398-D1ADE41D13F0}.Debug|x86.ActiveCfg = Debug|Win32
		{69DC986D-3F6D-4ABA-B398-D1ADE41D13F0}.Debug|x86.Build.0 = Debug|Win32
		{69DC986D-3F6D-4ABA-B398-D1ADE41D13F0}.Release|x64.ActiveCfg = Release|x64
		{69DC986D-3F6D-4ABA-B398-D1ADE41D13F0}.Release|x64.Build.0 = Release|x64
		{69DC986D-3F6D-4ABA-B398-D1ADE41D13F0}.Release|x86.ActiveCfg = Release|Win32
		{69DC986D-3F6D-4ABA-B398-D1ADE41D13F0}.Release|x86.Build.0 = Release|Win32
	EndGlobalSection
	GlobalSection(SolutionProperties) = preSolution
		HideSolutionNode = FALSE
	EndGlobalSection
	GlobalSection(ExtensibilityGlobals) = postSolution
		SolutionGuid = {4CBEED89-7A38-4D5C-BF83-6E1E3C5B2668}
	EndGlobalSection
EndGlobal
