
Microsoft Visual Studio Solution File, Format Version 12.00
# Visual Studio Version 16
VisualStudioVersion = 16.0.29709.97
MinimumVisualStudioVersion = 10.0.40219.1
Project("{8BC9CEB8-8B4A-11D0-8D11-00A0C91BC942}") = "LightingMaps", "LightingMaps.vcxproj", "{BF3AB238-25B2-40E6-A31B-CD9F0A26DE16}"
EndProject
Global
	GlobalSection(SolutionConfigurationPlatforms) = preSolution
		Debug|x64 = Debug|x64
		Debug|x86 = Debug|x86
		Release|x64 = Release|x64
		Release|x86 = Release|x86
	EndGlobalSection
	GlobalSection(ProjectConfigurationPlatforms) = postSolution
		{BF3AB238-25B2-40E6-A31B-CD9F0A26DE16}.Debug|x64.ActiveCfg = Debug|x64
		{BF3AB238-25B2-40E6-A31B-CD9F0A26DE16}.Debug|x64.Build.0 = Debug|x64
		{BF3AB238-25B2-40E6-A31B-CD9F0A26DE16}.Debug|x86.ActiveCfg = Debug|Win32
		{BF3AB238-25B2-40E6-A31B-CD9F0A26DE16}.Debug|x86.Build.0 = Debug|Win32
		{BF3AB238-25B2-40E6-A31B-CD9F0A26DE16}.Release|x64.ActiveCfg = Release|x64
		{BF3AB238-25B2-40E6-A31B-CD9F0A26DE16}.Release|x64.Build.0 = Release|x64
		{BF3AB238-25B2-40E6-A31B-CD9F0A26DE16}.Release|x86.ActiveCfg = Release|Win32
		{BF3AB238-25B2-40E6-A31B-CD9F0A26DE16}.Release|x86.Build.0 = Release|Win32
	EndGlobalSection
	GlobalSection(SolutionProperties) = preSolution
		HideSolutionNode = FALSE
	EndGlobalSection
	GlobalSection(ExtensibilityGlobals) = postSolution
		SolutionGuid = {9459F955-B01C-468E-842A-57B0085EA543}
	EndGlobalSection
EndGlobal
